
Microsoft Visual Studio Solution File, Format Version 12.00
# Visual Studio 15
VisualStudioVersion = 15.0.26403.0
MinimumVisualStudioVersion = 10.0.40219.1
Project("{9A19103F-16F7-4668-BE54-9A1E7A4F7556}") = "App.Web", "App.Web\App.Web.csproj", "{D833E0C3-11ED-407F-9903-1CCC7758628D}"
EndProject
Project("{FAE04EC0-301F-11D3-BF4B-00C04F79EFBC}") = "App.Db", "App.Db\App.Db.csproj", "{0C0ECAFA-37D4-4D45-9AED-D6E1214EDA68}"
EndProject
Project("{FAE04EC0-301F-11D3-BF4B-00C04F79EFBC}") = "App.Db.Access", "App.Db.Access\App.Db.Access.csproj", "{6F5EDE36-2F7A-4F77-82EB-C0CEAB857217}"
EndProject
Project("{FAE04EC0-301F-11D3-BF4B-00C04F79EFBC}") = "App.Db.Contracts", "App.Db.Contracts\App.Db.Contracts.csproj", "{4CFA70F4-F4C3-4223-B5D7-2EF0E6665ABF}"
EndProject
Project("{FAE04EC0-301F-11D3-BF4B-00C04F79EFBC}") = "App.Db.ServiceWiring", "App.Db.ServiceWiring\App.Db.ServiceWiring.csproj", "{89D2A270-A726-40F5-A72D-0380A4CCBA61}"
EndProject
Project("{FAE04EC0-301F-11D3-BF4B-00C04F79EFBC}") = "App.Business", "App.Business\App.Business.csproj", "{A88AC414-587E-4D9F-8040-712F1B5FB42E}"
EndProject
Project("{FAE04EC0-301F-11D3-BF4B-00C04F79EFBC}") = "App.Business.Contracts", "App.Business.Contracts\App.Business.Contracts.csproj", "{C78A25B9-3C43-4B0E-9667-46E4CBCB35A8}"
EndProject
Project("{FAE04EC0-301F-11D3-BF4B-00C04F79EFBC}") = "App.Business.Entities", "App.Business.Entities\App.Business.Entities.csproj", "{BF5F9ADF-7C4B-4E60-AC77-812C446A01A6}"
EndProject
Project("{FAE04EC0-301F-11D3-BF4B-00C04F79EFBC}") = "App.Db.Entities", "App.Db.Entities\App.Db.Entities.csproj", "{7674D8F4-5823-4971-85DC-7E7B3E8E0F6C}"
EndProject
Project("{FAE04EC0-301F-11D3-BF4B-00C04F79EFBC}") = "App.Common", "App.Common\App.Common.csproj", "{239F0245-0088-408A-9655-10063E500B30}"
EndProject
Project("{FAE04EC0-301F-11D3-BF4B-00C04F79EFBC}") = "App.Common.Dependency", "App.Common.Dependency\App.Common.Dependency.csproj", "{1E3F0576-3A63-472F-8016-B9D86781494D}"
EndProject
Project("{FAE04EC0-301F-11D3-BF4B-00C04F79EFBC}") = "App.Business.Tests", "App.Business.Tests\App.Business.Tests.csproj", "{7B8F1BB1-BB7B-4CDB-90EC-8E5F75258FDB}"
EndProject
Global
	GlobalSection(SolutionConfigurationPlatforms) = preSolution
		Debug|Any CPU = Debug|Any CPU
		Release|Any CPU = Release|Any CPU
	EndGlobalSection
	GlobalSection(ProjectConfigurationPlatforms) = postSolution
		{D833E0C3-11ED-407F-9903-1CCC7758628D}.Debug|Any CPU.ActiveCfg = Debug|Any CPU
		{D833E0C3-11ED-407F-9903-1CCC7758628D}.Debug|Any CPU.Build.0 = Debug|Any CPU
		{D833E0C3-11ED-407F-9903-1CCC7758628D}.Release|Any CPU.ActiveCfg = Release|Any CPU
		{D833E0C3-11ED-407F-9903-1CCC7758628D}.Release|Any CPU.Build.0 = Release|Any CPU
		{0C0ECAFA-37D4-4D45-9AED-D6E1214EDA68}.Debug|Any CPU.ActiveCfg = Debug|Any CPU
		{0C0ECAFA-37D4-4D45-9AED-D6E1214EDA68}.Debug|Any CPU.Build.0 = Debug|Any CPU
		{0C0ECAFA-37D4-4D45-9AED-D6E1214EDA68}.Release|Any CPU.ActiveCfg = Release|Any CPU
		{0C0ECAFA-37D4-4D45-9AED-D6E1214EDA68}.Release|Any CPU.Build.0 = Release|Any CPU
		{6F5EDE36-2F7A-4F77-82EB-C0CEAB857217}.Debug|Any CPU.ActiveCfg = Debug|Any CPU
		{6F5EDE36-2F7A-4F77-82EB-C0CEAB857217}.Debug|Any CPU.Build.0 = Debug|Any CPU
		{6F5EDE36-2F7A-4F77-82EB-C0CEAB857217}.Release|Any CPU.ActiveCfg = Release|Any CPU
		{6F5EDE36-2F7A-4F77-82EB-C0CEAB857217}.Release|Any CPU.Build.0 = Release|Any CPU
		{4CFA70F4-F4C3-4223-B5D7-2EF0E6665ABF}.Debug|Any CPU.ActiveCfg = Debug|Any CPU
		{4CFA70F4-F4C3-4223-B5D7-2EF0E6665ABF}.Debug|Any CPU.Build.0 = Debug|Any CPU
		{4CFA70F4-F4C3-4223-B5D7-2EF0E6665ABF}.Release|Any CPU.ActiveCfg = Release|Any CPU
		{4CFA70F4-F4C3-4223-B5D7-2EF0E6665ABF}.Release|Any CPU.Build.0 = Release|Any CPU
		{89D2A270-A726-40F5-A72D-0380A4CCBA61}.Debug|Any CPU.ActiveCfg = Debug|Any CPU
		{89D2A270-A726-40F5-A72D-0380A4CCBA61}.Debug|Any CPU.Build.0 = Debug|Any CPU
		{89D2A270-A726-40F5-A72D-0380A4CCBA61}.Release|Any CPU.ActiveCfg = Release|Any CPU
		{89D2A270-A726-40F5-A72D-0380A4CCBA61}.Release|Any CPU.Build.0 = Release|Any CPU
		{A88AC414-587E-4D9F-8040-712F1B5FB42E}.Debug|Any CPU.ActiveCfg = Debug|Any CPU
		{A88AC414-587E-4D9F-8040-712F1B5FB42E}.Debug|Any CPU.Build.0 = Debug|Any CPU
		{A88AC414-587E-4D9F-8040-712F1B5FB42E}.Release|Any CPU.ActiveCfg = Release|Any CPU
		{A88AC414-587E-4D9F-8040-712F1B5FB42E}.Release|Any CPU.Build.0 = Release|Any CPU
		{C78A25B9-3C43-4B0E-9667-46E4CBCB35A8}.Debug|Any CPU.ActiveCfg = Debug|Any CPU
		{C78A25B9-3C43-4B0E-9667-46E4CBCB35A8}.Debug|Any CPU.Build.0 = Debug|Any CPU
		{C78A25B9-3C43-4B0E-9667-46E4CBCB35A8}.Release|Any CPU.ActiveCfg = Release|Any CPU
		{C78A25B9-3C43-4B0E-9667-46E4CBCB35A8}.Release|Any CPU.Build.0 = Release|Any CPU
		{BF5F9ADF-7C4B-4E60-AC77-812C446A01A6}.Debug|Any CPU.ActiveCfg = Debug|Any CPU
		{BF5F9ADF-7C4B-4E60-AC77-812C446A01A6}.Debug|Any CPU.Build.0 = Debug|Any CPU
		{BF5F9ADF-7C4B-4E60-AC77-812C446A01A6}.Release|Any CPU.ActiveCfg = Release|Any CPU
		{BF5F9ADF-7C4B-4E60-AC77-812C446A01A6}.Release|Any CPU.Build.0 = Release|Any CPU
		{7674D8F4-5823-4971-85DC-7E7B3E8E0F6C}.Debug|Any CPU.ActiveCfg = Debug|Any CPU
		{7674D8F4-5823-4971-85DC-7E7B3E8E0F6C}.Debug|Any CPU.Build.0 = Debug|Any CPU
		{7674D8F4-5823-4971-85DC-7E7B3E8E0F6C}.Release|Any CPU.ActiveCfg = Release|Any CPU
		{7674D8F4-5823-4971-85DC-7E7B3E8E0F6C}.Release|Any CPU.Build.0 = Release|Any CPU
		{239F0245-0088-408A-9655-10063E500B30}.Debug|Any CPU.ActiveCfg = Debug|Any CPU
		{239F0245-0088-408A-9655-10063E500B30}.Debug|Any CPU.Build.0 = Debug|Any CPU
		{239F0245-0088-408A-9655-10063E500B30}.Release|Any CPU.ActiveCfg = Release|Any CPU
		{239F0245-0088-408A-9655-10063E500B30}.Release|Any CPU.Build.0 = Release|Any CPU
		{1E3F0576-3A63-472F-8016-B9D86781494D}.Debug|Any CPU.ActiveCfg = Debug|Any CPU
		{1E3F0576-3A63-472F-8016-B9D86781494D}.Debug|Any CPU.Build.0 = Debug|Any CPU
		{1E3F0576-3A63-472F-8016-B9D86781494D}.Release|Any CPU.ActiveCfg = Release|Any CPU
		{1E3F0576-3A63-472F-8016-B9D86781494D}.Release|Any CPU.Build.0 = Release|Any CPU
		{7B8F1BB1-BB7B-4CDB-90EC-8E5F75258FDB}.Debug|Any CPU.ActiveCfg = Debug|Any CPU
		{7B8F1BB1-BB7B-4CDB-90EC-8E5F75258FDB}.Debug|Any CPU.Build.0 = Debug|Any CPU
		{7B8F1BB1-BB7B-4CDB-90EC-8E5F75258FDB}.Release|Any CPU.ActiveCfg = Release|Any CPU
		{7B8F1BB1-BB7B-4CDB-90EC-8E5F75258FDB}.Release|Any CPU.Build.0 = Release|Any CPU
	EndGlobalSection
	GlobalSection(SolutionProperties) = preSolution
		HideSolutionNode = FALSE
	EndGlobalSection
EndGlobal
